
Microsoft Visual Studio Solution File, Format Version 12.00
# Visual Studio Version 17
VisualStudioVersion = 17.8.34330.188
MinimumVisualStudioVersion = 10.0.40219.1
Project("{FAE04EC0-301F-11D3-BF4B-00C04F79EFBC}") = "new-kalkulator-sederhana", "new-kalkulator-sederhana\new-kalkulator-sederhana.csproj", "{B2138815-F6E0-4B66-9874-EA69EE0FE51B}"
EndProject
Global
	GlobalSection(SolutionConfigurationPlatforms) = preSolution
		Debug|Any CPU = Debug|Any CPU
		Release|Any CPU = Release|Any CPU
	EndGlobalSection
	GlobalSection(ProjectConfigurationPlatforms) = postSolution
		{B2138815-F6E0-4B66-9874-EA69EE0FE51B}.Debug|Any CPU.ActiveCfg = Debug|Any CPU
		{B2138815-F6E0-4B66-9874-EA69EE0FE51B}.Debug|Any CPU.Build.0 = Debug|Any CPU
		{B2138815-F6E0-4B66-9874-EA69EE0FE51B}.Release|Any CPU.ActiveCfg = Release|Any CPU
		{B2138815-F6E0-4B66-9874-EA69EE0FE51B}.Release|Any CPU.Build.0 = Release|Any CPU
	EndGlobalSection
	GlobalSection(SolutionProperties) = preSolution
		HideSolutionNode = FALSE
	EndGlobalSection
	GlobalSection(ExtensibilityGlobals) = postSolution
		SolutionGuid = {877684C5-E8A6-480B-977B-E24033C0C254}
	EndGlobalSection
EndGlobal
