
Microsoft Visual Studio Solution File, Format Version 12.00
# Visual Studio Version 17
VisualStudioVersion = 17.7.34202.233
MinimumVisualStudioVersion = 10.0.40219.1
Project("{FAE04EC0-301F-11D3-BF4B-00C04F79EFBC}") = "latihan-atm-sederhana", "latihan-atm-sederhana\latihan-atm-sederhana.csproj", "{8687B0C5-5F0C-42F3-82CD-038D1CA6D5CD}"
EndProject
Project("{2150E333-8FDC-42A3-9474-1A3956D46DE8}") = "Solution Items", "Solution Items", "{8E286E92-9E36-449B-86C3-DF9591CCB969}"
	ProjectSection(SolutionItems) = preProject
		.editorconfig = .editorconfig
	EndProjectSection
EndProject
Global
	GlobalSection(SolutionConfigurationPlatforms) = preSolution
		Debug|Any CPU = Debug|Any CPU
		Release|Any CPU = Release|Any CPU
	EndGlobalSection
	GlobalSection(ProjectConfigurationPlatforms) = postSolution
		{8687B0C5-5F0C-42F3-82CD-038D1CA6D5CD}.Debug|Any CPU.ActiveCfg = Debug|Any CPU
		{8687B0C5-5F0C-42F3-82CD-038D1CA6D5CD}.Debug|Any CPU.Build.0 = Debug|Any CPU
		{8687B0C5-5F0C-42F3-82CD-038D1CA6D5CD}.Release|Any CPU.ActiveCfg = Release|Any CPU
		{8687B0C5-5F0C-42F3-82CD-038D1CA6D5CD}.Release|Any CPU.Build.0 = Release|Any CPU
	EndGlobalSection
	GlobalSection(SolutionProperties) = preSolution
		HideSolutionNode = FALSE
	EndGlobalSection
	GlobalSection(ExtensibilityGlobals) = postSolution
		SolutionGuid = {CC445ED1-DA84-47D5-AA33-1BD3ADDD6AD7}
	EndGlobalSection
EndGlobal
